
Microsoft Visual Studio Solution File, Format Version 12.00
# Visual Studio Version 16
VisualStudioVersion = 16.0.28729.10
MinimumVisualStudioVersion = 10.0.40219.1
Project("{9A19103F-16F7-4668-BE54-9A1E7A4F7556}") = "MapboxTest.Forms", "MapboxTest.Forms.csproj", "{FA49911F-A4D1-4865-900B-62530B122193}"
EndProject
Project("{FAE04EC0-301F-11D3-BF4B-00C04F79EFBC}") = "MapboxTest.Forms.Android", "..\MapboxTest.Forms.Android\MapboxTest.Forms.Android.csproj", "{35EF3B13-2777-4799-BE7C-6656C9B52B9B}"
EndProject
Project("{9A19103F-16F7-4668-BE54-9A1E7A4F7556}") = "MapboxTest.Common", "..\..\MapboxTest.Common\MapboxTest.Common.csproj", "{6109F401-68C8-48F2-8059-60E5E6A137EE}"
EndProject
Global
	GlobalSection(SolutionConfigurationPlatforms) = preSolution
		Debug|Any CPU = Debug|Any CPU
		Release|Any CPU = Release|Any CPU
	EndGlobalSection
	GlobalSection(ProjectConfigurationPlatforms) = postSolution
		{FA49911F-A4D1-4865-900B-62530B122193}.Debug|Any CPU.ActiveCfg = Debug|Any CPU
		{FA49911F-A4D1-4865-900B-62530B122193}.Debug|Any CPU.Build.0 = Debug|Any CPU
		{FA49911F-A4D1-4865-900B-62530B122193}.Release|Any CPU.ActiveCfg = Release|Any CPU
		{FA49911F-A4D1-4865-900B-62530B122193}.Release|Any CPU.Build.0 = Release|Any CPU
		{35EF3B13-2777-4799-BE7C-6656C9B52B9B}.Debug|Any CPU.ActiveCfg = Debug|Any CPU
		{35EF3B13-2777-4799-BE7C-6656C9B52B9B}.Debug|Any CPU.Build.0 = Debug|Any CPU
		{35EF3B13-2777-4799-BE7C-6656C9B52B9B}.Debug|Any CPU.Deploy.0 = Debug|Any CPU
		{35EF3B13-2777-4799-BE7C-6656C9B52B9B}.Release|Any CPU.ActiveCfg = Release|Any CPU
		{35EF3B13-2777-4799-BE7C-6656C9B52B9B}.Release|Any CPU.Build.0 = Release|Any CPU
		{35EF3B13-2777-4799-BE7C-6656C9B52B9B}.Release|Any CPU.Deploy.0 = Release|Any CPU
		{6109F401-68C8-48F2-8059-60E5E6A137EE}.Debug|Any CPU.ActiveCfg = Debug|Any CPU
		{6109F401-68C8-48F2-8059-60E5E6A137EE}.Debug|Any CPU.Build.0 = Debug|Any CPU
		{6109F401-68C8-48F2-8059-60E5E6A137EE}.Release|Any CPU.ActiveCfg = Release|Any CPU
		{6109F401-68C8-48F2-8059-60E5E6A137EE}.Release|Any CPU.Build.0 = Release|Any CPU
	EndGlobalSection
	GlobalSection(SolutionProperties) = preSolution
		HideSolutionNode = FALSE
	EndGlobalSection
	GlobalSection(ExtensibilityGlobals) = postSolution
		SolutionGuid = {77342E2F-CFB9-49C7-B54F-E0667FB20FD8}
	EndGlobalSection
EndGlobal
